
Microsoft Visual Studio Solution File, Format Version 12.00
# Visual Studio 15
VisualStudioVersion = 15.0.28010.2026
MinimumVisualStudioVersion = 10.0.40219.1
Project("{9A19103F-16F7-4668-BE54-9A1E7A4F7556}") = "Implem.Libraries", "Implem.Libraries\Implem.Libraries.csproj", "{CBE3EE93-92E6-4347-842F-DE597048DA29}"
EndProject
Project("{9A19103F-16F7-4668-BE54-9A1E7A4F7556}") = "Implem.CodeDefiner", "Implem.CodeDefiner\Implem.CodeDefiner.csproj", "{247DB097-3184-41E0-9FAC-F3453A23BF97}"
EndProject
Project("{9A19103F-16F7-4668-BE54-9A1E7A4F7556}") = "Implem.DefinitionAccessor", "Implem.DefinitionAccessor\Implem.DefinitionAccessor.csproj", "{C082A0D7-13C6-4D8A-9735-3C302E81B280}"
EndProject
Project("{FAE04EC0-301F-11D3-BF4B-00C04F79EFBC}") = "Implem.Pleasanter.NetFramework", "Implem.Pleasanter.NetFramework\Implem.Pleasanter.NetFramework.csproj", "{7FEFBEEF-C7F4-43A4-9A8F-894EB7E4FF3E}"
EndProject
Project("{9A19103F-16F7-4668-BE54-9A1E7A4F7556}") = "Implem.ParameterAccessor", "Implem.ParameterAccessor\Implem.ParameterAccessor.csproj", "{43CA1830-2E4D-4137-898E-9C3C1B104BAF}"
EndProject
Project("{9A19103F-16F7-4668-BE54-9A1E7A4F7556}") = "Implem.DisplayAccessor", "Implem.DisplayAccessor\Implem.DisplayAccessor.csproj", "{68A8C5C4-DB19-4EDD-B1C2-7722E19E5D7A}"
EndProject
Project("{FAE04EC0-301F-11D3-BF4B-00C04F79EFBC}") = "Implem.CodeDefiner.NetFramework", "Implem.CodeDefiner.NetFramework\Implem.CodeDefiner.NetFramework.csproj", "{3AB3A137-F448-42C5-B382-2C92A0235765}"
EndProject
Project("{9A19103F-16F7-4668-BE54-9A1E7A4F7556}") = "Implem.CodeDefiner.NetCore", "Implem.CodeDefiner.NetCore\Implem.CodeDefiner.NetCore.csproj", "{7534BA22-B60A-4567-B685-F03A676C8991}"
EndProject
Project("{9A19103F-16F7-4668-BE54-9A1E7A4F7556}") = "Implem.Pleasanter", "Implem.Pleasanter\Implem.Pleasanter.csproj", "{87025B44-C7C0-402D-BCB4-5797BDA54DDE}"
EndProject
Project("{9A19103F-16F7-4668-BE54-9A1E7A4F7556}") = "Implem.Pleasanter.NetCore", "Implem.Pleasanter.NetCore\Implem.Pleasanter.NetCore.csproj", "{C0C351EC-DAC6-4888-BD8B-C3E4B6CBAB6B}"
EndProject
Project("{2150E333-8FDC-42A3-9474-1A3956D46DE8}") = "Solution Items", "Solution Items", "{C3803F6D-E5AE-44CC-AE9F-C907441572A4}"
	ProjectSection(SolutionItems) = preProject
		LICENSE = LICENSE
		README.md = README.md
		README_Pleasanter.md = README_Pleasanter.md
	EndProjectSection
EndProject
Project("{2150E333-8FDC-42A3-9474-1A3956D46DE8}") = "Implem.SupportTools", "Implem.SupportTools", "{599E960F-4BF7-4157-8DB2-27EABEA61DE2}"
EndProject
Project("{FAE04EC0-301F-11D3-BF4B-00C04F79EFBC}") = "Implem.SupportTools.Common", "Implem.SupportTools\Common\Implem.SupportTools.Common.csproj", "{B1C1F0F2-4E12-49A8-88AC-CF54D00B12DC}"
EndProject
Project("{FAE04EC0-301F-11D3-BF4B-00C04F79EFBC}") = "Implem.SupportTools", "Implem.SupportTools\Launcher\Implem.SupportTools.csproj", "{613EC0B0-00CD-47E2-A796-B76A6A34DD7A}"
EndProject
Project("{FAE04EC0-301F-11D3-BF4B-00C04F79EFBC}") = "Implem.SupportTools.LdapSyncTester", "Implem.SupportTools\LdapSyncTester\Implem.SupportTools.LdapSyncTester.csproj", "{F7543D1C-61EF-4C68-94B3-AAD950CE2EC7}"
EndProject
Project("{FAE04EC0-301F-11D3-BF4B-00C04F79EFBC}") = "Implem.SupportTools.MailTester", "Implem.SupportTools\MailTester\Implem.SupportTools.MailTester.csproj", "{4396F5AF-7C31-4DB2-AE89-7F409D7A8515}"
EndProject
Project("{FAE04EC0-301F-11D3-BF4B-00C04F79EFBC}") = "Implem.SupportTools.SysLogViewer", "Implem.SupportTools\SysLogViewer\Implem.SupportTools.SysLogViewer.csproj", "{135C658B-BBBF-4BCE-9981-48BB4C7683D9}"
EndProject
Project("{2150E333-8FDC-42A3-9474-1A3956D46DE8}") = "Rds", "Rds", "{1D98B5AE-6FFD-4BA7-BE9B-81BBEF3CC7EB}"
EndProject
Project("{9A19103F-16F7-4668-BE54-9A1E7A4F7556}") = "Implem.IRds", "Rds\Implem.IRds\Implem.IRds.csproj", "{C2AC0AF2-9CB2-4341-87AE-4DCEE66D06EB}"
EndProject
Project("{9A19103F-16F7-4668-BE54-9A1E7A4F7556}") = "Implem.SqlServer", "Rds\Implem.SqlServer\Implem.SqlServer.csproj", "{0D5D7AE5-40B4-4C85-A6E2-FBA1982B8D1B}"
EndProject
Project("{9A19103F-16F7-4668-BE54-9A1E7A4F7556}") = "Implem.PostgreSql", "Rds\Implem.PostgreSql\Implem.PostgreSql.csproj", "{DBFBDBBF-4E33-4CE0-A684-445B752A641B}"
EndProject
Project("{FAE04EC0-301F-11D3-BF4B-00C04F79EFBC}") = "Implem.Factory", "Implem.Factory\Implem.Factory.csproj", "{34F5C4BD-1CE6-40C1-BD84-3BA965615453}"
EndProject
Global
	GlobalSection(SolutionConfigurationPlatforms) = preSolution
		CD_ROM|Any CPU = CD_ROM|Any CPU
		Debug|Any CPU = Debug|Any CPU
		DVD-5|Any CPU = DVD-5|Any CPU
		Release|Any CPU = Release|Any CPU
		SingleImage|Any CPU = SingleImage|Any CPU
	EndGlobalSection
	GlobalSection(ProjectConfigurationPlatforms) = postSolution
		{CBE3EE93-92E6-4347-842F-DE597048DA29}.CD_ROM|Any CPU.ActiveCfg = Release|Any CPU
		{CBE3EE93-92E6-4347-842F-DE597048DA29}.CD_ROM|Any CPU.Build.0 = Release|Any CPU
		{CBE3EE93-92E6-4347-842F-DE597048DA29}.Debug|Any CPU.ActiveCfg = Debug|Any CPU
		{CBE3EE93-92E6-4347-842F-DE597048DA29}.Debug|Any CPU.Build.0 = Debug|Any CPU
		{CBE3EE93-92E6-4347-842F-DE597048DA29}.DVD-5|Any CPU.ActiveCfg = Debug|Any CPU
		{CBE3EE93-92E6-4347-842F-DE597048DA29}.DVD-5|Any CPU.Build.0 = Debug|Any CPU
		{CBE3EE93-92E6-4347-842F-DE597048DA29}.Release|Any CPU.ActiveCfg = Release|Any CPU
		{CBE3EE93-92E6-4347-842F-DE597048DA29}.Release|Any CPU.Build.0 = Release|Any CPU
		{CBE3EE93-92E6-4347-842F-DE597048DA29}.SingleImage|Any CPU.ActiveCfg = Release|Any CPU
		{CBE3EE93-92E6-4347-842F-DE597048DA29}.SingleImage|Any CPU.Build.0 = Release|Any CPU
		{247DB097-3184-41E0-9FAC-F3453A23BF97}.CD_ROM|Any CPU.ActiveCfg = Release|Any CPU
		{247DB097-3184-41E0-9FAC-F3453A23BF97}.CD_ROM|Any CPU.Build.0 = Release|Any CPU
		{247DB097-3184-41E0-9FAC-F3453A23BF97}.Debug|Any CPU.ActiveCfg = Debug|Any CPU
		{247DB097-3184-41E0-9FAC-F3453A23BF97}.Debug|Any CPU.Build.0 = Debug|Any CPU
		{247DB097-3184-41E0-9FAC-F3453A23BF97}.DVD-5|Any CPU.ActiveCfg = Debug|Any CPU
		{247DB097-3184-41E0-9FAC-F3453A23BF97}.DVD-5|Any CPU.Build.0 = Debug|Any CPU
		{247DB097-3184-41E0-9FAC-F3453A23BF97}.Release|Any CPU.ActiveCfg = Release|Any CPU
		{247DB097-3184-41E0-9FAC-F3453A23BF97}.Release|Any CPU.Build.0 = Release|Any CPU
		{247DB097-3184-41E0-9FAC-F3453A23BF97}.SingleImage|Any CPU.ActiveCfg = Release|Any CPU
		{247DB097-3184-41E0-9FAC-F3453A23BF97}.SingleImage|Any CPU.Build.0 = Release|Any CPU
		{C082A0D7-13C6-4D8A-9735-3C302E81B280}.CD_ROM|Any CPU.ActiveCfg = Release|Any CPU
		{C082A0D7-13C6-4D8A-9735-3C302E81B280}.CD_ROM|Any CPU.Build.0 = Release|Any CPU
		{C082A0D7-13C6-4D8A-9735-3C302E81B280}.Debug|Any CPU.ActiveCfg = Debug|Any CPU
		{C082A0D7-13C6-4D8A-9735-3C302E81B280}.Debug|Any CPU.Build.0 = Debug|Any CPU
		{C082A0D7-13C6-4D8A-9735-3C302E81B280}.DVD-5|Any CPU.ActiveCfg = Debug|Any CPU
		{C082A0D7-13C6-4D8A-9735-3C302E81B280}.DVD-5|Any CPU.Build.0 = Debug|Any CPU
		{C082A0D7-13C6-4D8A-9735-3C302E81B280}.Release|Any CPU.ActiveCfg = Release|Any CPU
		{C082A0D7-13C6-4D8A-9735-3C302E81B280}.Release|Any CPU.Build.0 = Release|Any CPU
		{C082A0D7-13C6-4D8A-9735-3C302E81B280}.SingleImage|Any CPU.ActiveCfg = Release|Any CPU
		{C082A0D7-13C6-4D8A-9735-3C302E81B280}.SingleImage|Any CPU.Build.0 = Release|Any CPU
		{7FEFBEEF-C7F4-43A4-9A8F-894EB7E4FF3E}.CD_ROM|Any CPU.ActiveCfg = Release|Any CPU
		{7FEFBEEF-C7F4-43A4-9A8F-894EB7E4FF3E}.CD_ROM|Any CPU.Build.0 = Release|Any CPU
		{7FEFBEEF-C7F4-43A4-9A8F-894EB7E4FF3E}.Debug|Any CPU.ActiveCfg = Debug|Any CPU
		{7FEFBEEF-C7F4-43A4-9A8F-894EB7E4FF3E}.Debug|Any CPU.Build.0 = Debug|Any CPU
		{7FEFBEEF-C7F4-43A4-9A8F-894EB7E4FF3E}.DVD-5|Any CPU.ActiveCfg = Debug|Any CPU
		{7FEFBEEF-C7F4-43A4-9A8F-894EB7E4FF3E}.DVD-5|Any CPU.Build.0 = Debug|Any CPU
		{7FEFBEEF-C7F4-43A4-9A8F-894EB7E4FF3E}.Release|Any CPU.ActiveCfg = Release|Any CPU
		{7FEFBEEF-C7F4-43A4-9A8F-894EB7E4FF3E}.Release|Any CPU.Build.0 = Release|Any CPU
		{7FEFBEEF-C7F4-43A4-9A8F-894EB7E4FF3E}.SingleImage|Any CPU.ActiveCfg = Release|Any CPU
		{7FEFBEEF-C7F4-43A4-9A8F-894EB7E4FF3E}.SingleImage|Any CPU.Build.0 = Release|Any CPU
		{43CA1830-2E4D-4137-898E-9C3C1B104BAF}.CD_ROM|Any CPU.ActiveCfg = Release|Any CPU
		{43CA1830-2E4D-4137-898E-9C3C1B104BAF}.CD_ROM|Any CPU.Build.0 = Release|Any CPU
		{43CA1830-2E4D-4137-898E-9C3C1B104BAF}.Debug|Any CPU.ActiveCfg = Debug|Any CPU
		{43CA1830-2E4D-4137-898E-9C3C1B104BAF}.Debug|Any CPU.Build.0 = Debug|Any CPU
		{43CA1830-2E4D-4137-898E-9C3C1B104BAF}.DVD-5|Any CPU.ActiveCfg = Debug|Any CPU
		{43CA1830-2E4D-4137-898E-9C3C1B104BAF}.DVD-5|Any CPU.Build.0 = Debug|Any CPU
		{43CA1830-2E4D-4137-898E-9C3C1B104BAF}.Release|Any CPU.ActiveCfg = Release|Any CPU
		{43CA1830-2E4D-4137-898E-9C3C1B104BAF}.Release|Any CPU.Build.0 = Release|Any CPU
		{43CA1830-2E4D-4137-898E-9C3C1B104BAF}.SingleImage|Any CPU.ActiveCfg = Release|Any CPU
		{43CA1830-2E4D-4137-898E-9C3C1B104BAF}.SingleImage|Any CPU.Build.0 = Release|Any CPU
		{68A8C5C4-DB19-4EDD-B1C2-7722E19E5D7A}.CD_ROM|Any CPU.ActiveCfg = Release|Any CPU
		{68A8C5C4-DB19-4EDD-B1C2-7722E19E5D7A}.CD_ROM|Any CPU.Build.0 = Release|Any CPU
		{68A8C5C4-DB19-4EDD-B1C2-7722E19E5D7A}.Debug|Any CPU.ActiveCfg = Debug|Any CPU
		{68A8C5C4-DB19-4EDD-B1C2-7722E19E5D7A}.Debug|Any CPU.Build.0 = Debug|Any CPU
		{68A8C5C4-DB19-4EDD-B1C2-7722E19E5D7A}.DVD-5|Any CPU.ActiveCfg = Debug|Any CPU
		{68A8C5C4-DB19-4EDD-B1C2-7722E19E5D7A}.DVD-5|Any CPU.Build.0 = Debug|Any CPU
		{68A8C5C4-DB19-4EDD-B1C2-7722E19E5D7A}.Release|Any CPU.ActiveCfg = Release|Any CPU
		{68A8C5C4-DB19-4EDD-B1C2-7722E19E5D7A}.Release|Any CPU.Build.0 = Release|Any CPU
		{68A8C5C4-DB19-4EDD-B1C2-7722E19E5D7A}.SingleImage|Any CPU.ActiveCfg = Release|Any CPU
		{68A8C5C4-DB19-4EDD-B1C2-7722E19E5D7A}.SingleImage|Any CPU.Build.0 = Release|Any CPU
		{3AB3A137-F448-42C5-B382-2C92A0235765}.CD_ROM|Any CPU.ActiveCfg = Release|Any CPU
		{3AB3A137-F448-42C5-B382-2C92A0235765}.CD_ROM|Any CPU.Build.0 = Release|Any CPU
		{3AB3A137-F448-42C5-B382-2C92A0235765}.Debug|Any CPU.ActiveCfg = Debug|Any CPU
		{3AB3A137-F448-42C5-B382-2C92A0235765}.Debug|Any CPU.Build.0 = Debug|Any CPU
		{3AB3A137-F448-42C5-B382-2C92A0235765}.DVD-5|Any CPU.ActiveCfg = Debug|Any CPU
		{3AB3A137-F448-42C5-B382-2C92A0235765}.DVD-5|Any CPU.Build.0 = Debug|Any CPU
		{3AB3A137-F448-42C5-B382-2C92A0235765}.Release|Any CPU.ActiveCfg = Release|Any CPU
		{3AB3A137-F448-42C5-B382-2C92A0235765}.Release|Any CPU.Build.0 = Release|Any CPU
		{3AB3A137-F448-42C5-B382-2C92A0235765}.SingleImage|Any CPU.ActiveCfg = Release|Any CPU
		{3AB3A137-F448-42C5-B382-2C92A0235765}.SingleImage|Any CPU.Build.0 = Release|Any CPU
		{7534BA22-B60A-4567-B685-F03A676C8991}.CD_ROM|Any CPU.ActiveCfg = Debug|Any CPU
		{7534BA22-B60A-4567-B685-F03A676C8991}.CD_ROM|Any CPU.Build.0 = Debug|Any CPU
		{7534BA22-B60A-4567-B685-F03A676C8991}.Debug|Any CPU.ActiveCfg = Debug|Any CPU
		{7534BA22-B60A-4567-B685-F03A676C8991}.Debug|Any CPU.Build.0 = Debug|Any CPU
		{7534BA22-B60A-4567-B685-F03A676C8991}.DVD-5|Any CPU.ActiveCfg = Debug|Any CPU
		{7534BA22-B60A-4567-B685-F03A676C8991}.DVD-5|Any CPU.Build.0 = Debug|Any CPU
		{7534BA22-B60A-4567-B685-F03A676C8991}.Release|Any CPU.ActiveCfg = Release|Any CPU
		{7534BA22-B60A-4567-B685-F03A676C8991}.Release|Any CPU.Build.0 = Release|Any CPU
		{7534BA22-B60A-4567-B685-F03A676C8991}.SingleImage|Any CPU.ActiveCfg = Debug|Any CPU
		{7534BA22-B60A-4567-B685-F03A676C8991}.SingleImage|Any CPU.Build.0 = Debug|Any CPU
		{87025B44-C7C0-402D-BCB4-5797BDA54DDE}.CD_ROM|Any CPU.ActiveCfg = Debug|Any CPU
		{87025B44-C7C0-402D-BCB4-5797BDA54DDE}.CD_ROM|Any CPU.Build.0 = Debug|Any CPU
		{87025B44-C7C0-402D-BCB4-5797BDA54DDE}.Debug|Any CPU.ActiveCfg = Debug|Any CPU
		{87025B44-C7C0-402D-BCB4-5797BDA54DDE}.Debug|Any CPU.Build.0 = Debug|Any CPU
		{87025B44-C7C0-402D-BCB4-5797BDA54DDE}.DVD-5|Any CPU.ActiveCfg = Debug|Any CPU
		{87025B44-C7C0-402D-BCB4-5797BDA54DDE}.DVD-5|Any CPU.Build.0 = Debug|Any CPU
		{87025B44-C7C0-402D-BCB4-5797BDA54DDE}.Release|Any CPU.ActiveCfg = Release|Any CPU
		{87025B44-C7C0-402D-BCB4-5797BDA54DDE}.Release|Any CPU.Build.0 = Release|Any CPU
		{87025B44-C7C0-402D-BCB4-5797BDA54DDE}.SingleImage|Any CPU.ActiveCfg = Debug|Any CPU
		{87025B44-C7C0-402D-BCB4-5797BDA54DDE}.SingleImage|Any CPU.Build.0 = Debug|Any CPU
		{C0C351EC-DAC6-4888-BD8B-C3E4B6CBAB6B}.CD_ROM|Any CPU.ActiveCfg = Debug|Any CPU
		{C0C351EC-DAC6-4888-BD8B-C3E4B6CBAB6B}.CD_ROM|Any CPU.Build.0 = Debug|Any CPU
		{C0C351EC-DAC6-4888-BD8B-C3E4B6CBAB6B}.Debug|Any CPU.ActiveCfg = Debug|Any CPU
		{C0C351EC-DAC6-4888-BD8B-C3E4B6CBAB6B}.Debug|Any CPU.Build.0 = Debug|Any CPU
		{C0C351EC-DAC6-4888-BD8B-C3E4B6CBAB6B}.DVD-5|Any CPU.ActiveCfg = Debug|Any CPU
		{C0C351EC-DAC6-4888-BD8B-C3E4B6CBAB6B}.DVD-5|Any CPU.Build.0 = Debug|Any CPU
		{C0C351EC-DAC6-4888-BD8B-C3E4B6CBAB6B}.Release|Any CPU.ActiveCfg = Release|Any CPU
		{C0C351EC-DAC6-4888-BD8B-C3E4B6CBAB6B}.Release|Any CPU.Build.0 = Release|Any CPU
		{C0C351EC-DAC6-4888-BD8B-C3E4B6CBAB6B}.SingleImage|Any CPU.ActiveCfg = Debug|Any CPU
		{C0C351EC-DAC6-4888-BD8B-C3E4B6CBAB6B}.SingleImage|Any CPU.Build.0 = Debug|Any CPU
		{B1C1F0F2-4E12-49A8-88AC-CF54D00B12DC}.CD_ROM|Any CPU.ActiveCfg = Release|Any CPU
		{B1C1F0F2-4E12-49A8-88AC-CF54D00B12DC}.CD_ROM|Any CPU.Build.0 = Release|Any CPU
		{B1C1F0F2-4E12-49A8-88AC-CF54D00B12DC}.Debug|Any CPU.ActiveCfg = Debug|Any CPU
		{B1C1F0F2-4E12-49A8-88AC-CF54D00B12DC}.Debug|Any CPU.Build.0 = Debug|Any CPU
		{B1C1F0F2-4E12-49A8-88AC-CF54D00B12DC}.DVD-5|Any CPU.ActiveCfg = Debug|Any CPU
		{B1C1F0F2-4E12-49A8-88AC-CF54D00B12DC}.DVD-5|Any CPU.Build.0 = Debug|Any CPU
		{B1C1F0F2-4E12-49A8-88AC-CF54D00B12DC}.Release|Any CPU.ActiveCfg = Release|Any CPU
		{B1C1F0F2-4E12-49A8-88AC-CF54D00B12DC}.Release|Any CPU.Build.0 = Release|Any CPU
		{B1C1F0F2-4E12-49A8-88AC-CF54D00B12DC}.SingleImage|Any CPU.ActiveCfg = Release|Any CPU
		{B1C1F0F2-4E12-49A8-88AC-CF54D00B12DC}.SingleImage|Any CPU.Build.0 = Release|Any CPU
		{613EC0B0-00CD-47E2-A796-B76A6A34DD7A}.CD_ROM|Any CPU.ActiveCfg = Release|Any CPU
		{613EC0B0-00CD-47E2-A796-B76A6A34DD7A}.CD_ROM|Any CPU.Build.0 = Release|Any CPU
		{613EC0B0-00CD-47E2-A796-B76A6A34DD7A}.Debug|Any CPU.ActiveCfg = Debug|Any CPU
		{613EC0B0-00CD-47E2-A796-B76A6A34DD7A}.Debug|Any CPU.Build.0 = Debug|Any CPU
		{613EC0B0-00CD-47E2-A796-B76A6A34DD7A}.DVD-5|Any CPU.ActiveCfg = Debug|Any CPU
		{613EC0B0-00CD-47E2-A796-B76A6A34DD7A}.DVD-5|Any CPU.Build.0 = Debug|Any CPU
		{613EC0B0-00CD-47E2-A796-B76A6A34DD7A}.Release|Any CPU.ActiveCfg = Release|Any CPU
		{613EC0B0-00CD-47E2-A796-B76A6A34DD7A}.Release|Any CPU.Build.0 = Release|Any CPU
		{613EC0B0-00CD-47E2-A796-B76A6A34DD7A}.SingleImage|Any CPU.ActiveCfg = Release|Any CPU
		{613EC0B0-00CD-47E2-A796-B76A6A34DD7A}.SingleImage|Any CPU.Build.0 = Release|Any CPU
		{F7543D1C-61EF-4C68-94B3-AAD950CE2EC7}.CD_ROM|Any CPU.ActiveCfg = Release|Any CPU
		{F7543D1C-61EF-4C68-94B3-AAD950CE2EC7}.CD_ROM|Any CPU.Build.0 = Release|Any CPU
		{F7543D1C-61EF-4C68-94B3-AAD950CE2EC7}.Debug|Any CPU.ActiveCfg = Debug|Any CPU
		{F7543D1C-61EF-4C68-94B3-AAD950CE2EC7}.Debug|Any CPU.Build.0 = Debug|Any CPU
		{F7543D1C-61EF-4C68-94B3-AAD950CE2EC7}.DVD-5|Any CPU.ActiveCfg = Debug|Any CPU
		{F7543D1C-61EF-4C68-94B3-AAD950CE2EC7}.DVD-5|Any CPU.Build.0 = Debug|Any CPU
		{F7543D1C-61EF-4C68-94B3-AAD950CE2EC7}.Release|Any CPU.ActiveCfg = Release|Any CPU
		{F7543D1C-61EF-4C68-94B3-AAD950CE2EC7}.Release|Any CPU.Build.0 = Release|Any CPU
		{F7543D1C-61EF-4C68-94B3-AAD950CE2EC7}.SingleImage|Any CPU.ActiveCfg = Release|Any CPU
		{F7543D1C-61EF-4C68-94B3-AAD950CE2EC7}.SingleImage|Any CPU.Build.0 = Release|Any CPU
		{4396F5AF-7C31-4DB2-AE89-7F409D7A8515}.CD_ROM|Any CPU.ActiveCfg = Release|Any CPU
		{4396F5AF-7C31-4DB2-AE89-7F409D7A8515}.CD_ROM|Any CPU.Build.0 = Release|Any CPU
		{4396F5AF-7C31-4DB2-AE89-7F409D7A8515}.Debug|Any CPU.ActiveCfg = Debug|Any CPU
		{4396F5AF-7C31-4DB2-AE89-7F409D7A8515}.Debug|Any CPU.Build.0 = Debug|Any CPU
		{4396F5AF-7C31-4DB2-AE89-7F409D7A8515}.DVD-5|Any CPU.ActiveCfg = Debug|Any CPU
		{4396F5AF-7C31-4DB2-AE89-7F409D7A8515}.DVD-5|Any CPU.Build.0 = Debug|Any CPU
		{4396F5AF-7C31-4DB2-AE89-7F409D7A8515}.Release|Any CPU.ActiveCfg = Release|Any CPU
		{4396F5AF-7C31-4DB2-AE89-7F409D7A8515}.Release|Any CPU.Build.0 = Release|Any CPU
		{4396F5AF-7C31-4DB2-AE89-7F409D7A8515}.SingleImage|Any CPU.ActiveCfg = Release|Any CPU
		{4396F5AF-7C31-4DB2-AE89-7F409D7A8515}.SingleImage|Any CPU.Build.0 = Release|Any CPU
		{135C658B-BBBF-4BCE-9981-48BB4C7683D9}.CD_ROM|Any CPU.ActiveCfg = Release|Any CPU
		{135C658B-BBBF-4BCE-9981-48BB4C7683D9}.CD_ROM|Any CPU.Build.0 = Release|Any CPU
		{135C658B-BBBF-4BCE-9981-48BB4C7683D9}.Debug|Any CPU.ActiveCfg = Debug|Any CPU
		{135C658B-BBBF-4BCE-9981-48BB4C7683D9}.Debug|Any CPU.Build.0 = Debug|Any CPU
		{135C658B-BBBF-4BCE-9981-48BB4C7683D9}.DVD-5|Any CPU.ActiveCfg = Debug|Any CPU
		{135C658B-BBBF-4BCE-9981-48BB4C7683D9}.DVD-5|Any CPU.Build.0 = Debug|Any CPU
		{135C658B-BBBF-4BCE-9981-48BB4C7683D9}.Release|Any CPU.ActiveCfg = Release|Any CPU
		{135C658B-BBBF-4BCE-9981-48BB4C7683D9}.Release|Any CPU.Build.0 = Release|Any CPU
		{135C658B-BBBF-4BCE-9981-48BB4C7683D9}.SingleImage|Any CPU.ActiveCfg = Release|Any CPU
		{135C658B-BBBF-4BCE-9981-48BB4C7683D9}.SingleImage|Any CPU.Build.0 = Release|Any CPU
		{C2AC0AF2-9CB2-4341-87AE-4DCEE66D06EB}.CD_ROM|Any CPU.ActiveCfg = Debug|Any CPU
		{C2AC0AF2-9CB2-4341-87AE-4DCEE66D06EB}.CD_ROM|Any CPU.Build.0 = Debug|Any CPU
		{C2AC0AF2-9CB2-4341-87AE-4DCEE66D06EB}.Debug|Any CPU.ActiveCfg = Debug|Any CPU
		{C2AC0AF2-9CB2-4341-87AE-4DCEE66D06EB}.Debug|Any CPU.Build.0 = Debug|Any CPU
		{C2AC0AF2-9CB2-4341-87AE-4DCEE66D06EB}.DVD-5|Any CPU.ActiveCfg = Debug|Any CPU
		{C2AC0AF2-9CB2-4341-87AE-4DCEE66D06EB}.DVD-5|Any CPU.Build.0 = Debug|Any CPU
		{C2AC0AF2-9CB2-4341-87AE-4DCEE66D06EB}.Release|Any CPU.ActiveCfg = Release|Any CPU
		{C2AC0AF2-9CB2-4341-87AE-4DCEE66D06EB}.Release|Any CPU.Build.0 = Release|Any CPU
		{C2AC0AF2-9CB2-4341-87AE-4DCEE66D06EB}.SingleImage|Any CPU.ActiveCfg = Debug|Any CPU
		{C2AC0AF2-9CB2-4341-87AE-4DCEE66D06EB}.SingleImage|Any CPU.Build.0 = Debug|Any CPU
		{0D5D7AE5-40B4-4C85-A6E2-FBA1982B8D1B}.CD_ROM|Any CPU.ActiveCfg = Debug|Any CPU
		{0D5D7AE5-40B4-4C85-A6E2-FBA1982B8D1B}.CD_ROM|Any CPU.Build.0 = Debug|Any CPU
		{0D5D7AE5-40B4-4C85-A6E2-FBA1982B8D1B}.Debug|Any CPU.ActiveCfg = Debug|Any CPU
		{0D5D7AE5-40B4-4C85-A6E2-FBA1982B8D1B}.Debug|Any CPU.Build.0 = Debug|Any CPU
		{0D5D7AE5-40B4-4C85-A6E2-FBA1982B8D1B}.DVD-5|Any CPU.ActiveCfg = Debug|Any CPU
		{0D5D7AE5-40B4-4C85-A6E2-FBA1982B8D1B}.DVD-5|Any CPU.Build.0 = Debug|Any CPU
		{0D5D7AE5-40B4-4C85-A6E2-FBA1982B8D1B}.Release|Any CPU.ActiveCfg = Release|Any CPU
		{0D5D7AE5-40B4-4C85-A6E2-FBA1982B8D1B}.Release|Any CPU.Build.0 = Release|Any CPU
		{0D5D7AE5-40B4-4C85-A6E2-FBA1982B8D1B}.SingleImage|Any CPU.ActiveCfg = Debug|Any CPU
		{0D5D7AE5-40B4-4C85-A6E2-FBA1982B8D1B}.SingleImage|Any CPU.Build.0 = Debug|Any CPU
		{DBFBDBBF-4E33-4CE0-A684-445B752A641B}.CD_ROM|Any CPU.ActiveCfg = Debug|Any CPU
		{DBFBDBBF-4E33-4CE0-A684-445B752A641B}.CD_ROM|Any CPU.Build.0 = Debug|Any CPU
		{DBFBDBBF-4E33-4CE0-A684-445B752A641B}.Debug|Any CPU.ActiveCfg = Debug|Any CPU
		{DBFBDBBF-4E33-4CE0-A684-445B752A641B}.Debug|Any CPU.Build.0 = Debug|Any CPU
		{DBFBDBBF-4E33-4CE0-A684-445B752A641B}.DVD-5|Any CPU.ActiveCfg = Debug|Any CPU
		{DBFBDBBF-4E33-4CE0-A684-445B752A641B}.DVD-5|Any CPU.Build.0 = Debug|Any CPU
		{DBFBDBBF-4E33-4CE0-A684-445B752A641B}.Release|Any CPU.ActiveCfg = Release|Any CPU
		{DBFBDBBF-4E33-4CE0-A684-445B752A641B}.Release|Any CPU.Build.0 = Release|Any CPU
		{DBFBDBBF-4E33-4CE0-A684-445B752A641B}.SingleImage|Any CPU.ActiveCfg = Debug|Any CPU
		{DBFBDBBF-4E33-4CE0-A684-445B752A641B}.SingleImage|Any CPU.Build.0 = Debug|Any CPU
		{34F5C4BD-1CE6-40C1-BD84-3BA965615453}.CD_ROM|Any CPU.ActiveCfg = Debug|Any CPU
		{34F5C4BD-1CE6-40C1-BD84-3BA965615453}.CD_ROM|Any CPU.Build.0 = Debug|Any CPU
		{34F5C4BD-1CE6-40C1-BD84-3BA965615453}.Debug|Any CPU.ActiveCfg = Debug|Any CPU
		{34F5C4BD-1CE6-40C1-BD84-3BA965615453}.Debug|Any CPU.Build.0 = Debug|Any CPU
		{34F5C4BD-1CE6-40C1-BD84-3BA965615453}.DVD-5|Any CPU.ActiveCfg = Debug|Any CPU
		{34F5C4BD-1CE6-40C1-BD84-3BA965615453}.DVD-5|Any CPU.Build.0 = Debug|Any CPU
		{34F5C4BD-1CE6-40C1-BD84-3BA965615453}.Release|Any CPU.ActiveCfg = Release|Any CPU
		{34F5C4BD-1CE6-40C1-BD84-3BA965615453}.Release|Any CPU.Build.0 = Release|Any CPU
		{34F5C4BD-1CE6-40C1-BD84-3BA965615453}.SingleImage|Any CPU.ActiveCfg = Debug|Any CPU
		{34F5C4BD-1CE6-40C1-BD84-3BA965615453}.SingleImage|Any CPU.Build.0 = Debug|Any CPU
	EndGlobalSection
	GlobalSection(SolutionProperties) = preSolution
		HideSolutionNode = FALSE
	EndGlobalSection
	GlobalSection(NestedProjects) = preSolution
		{B1C1F0F2-4E12-49A8-88AC-CF54D00B12DC} = {599E960F-4BF7-4157-8DB2-27EABEA61DE2}
		{613EC0B0-00CD-47E2-A796-B76A6A34DD7A} = {599E960F-4BF7-4157-8DB2-27EABEA61DE2}
		{F7543D1C-61EF-4C68-94B3-AAD950CE2EC7} = {599E960F-4BF7-4157-8DB2-27EABEA61DE2}
		{4396F5AF-7C31-4DB2-AE89-7F409D7A8515} = {599E960F-4BF7-4157-8DB2-27EABEA61DE2}
		{135C658B-BBBF-4BCE-9981-48BB4C7683D9} = {599E960F-4BF7-4157-8DB2-27EABEA61DE2}
		{C2AC0AF2-9CB2-4341-87AE-4DCEE66D06EB} = {1D98B5AE-6FFD-4BA7-BE9B-81BBEF3CC7EB}
		{0D5D7AE5-40B4-4C85-A6E2-FBA1982B8D1B} = {1D98B5AE-6FFD-4BA7-BE9B-81BBEF3CC7EB}
		{DBFBDBBF-4E33-4CE0-A684-445B752A641B} = {1D98B5AE-6FFD-4BA7-BE9B-81BBEF3CC7EB}
	EndGlobalSection
	GlobalSection(ExtensibilityGlobals) = postSolution
		SolutionGuid = {6E97E664-D49F-4BFC-930F-F941C4996E2C}
	EndGlobalSection
EndGlobal
