
Microsoft Visual Studio Solution File, Format Version 12.00
# Visual Studio Version 16
VisualStudioVersion = 16.0.29215.179
MinimumVisualStudioVersion = 10.0.40219.1
Project("{FAE04EC0-301F-11D3-BF4B-00C04F79EFBC}") = "Implem.Libraries", "Implem.Libraries\Implem.Libraries.csproj", "{CBE3EE93-92E6-4347-842F-DE597048DA29}"
EndProject
Project("{FAE04EC0-301F-11D3-BF4B-00C04F79EFBC}") = "Implem.CodeDefiner", "Implem.CodeDefiner\Implem.CodeDefiner.csproj", "{247DB097-3184-41E0-9FAC-F3453A23BF97}"
EndProject
Project("{FAE04EC0-301F-11D3-BF4B-00C04F79EFBC}") = "Implem.DefinitionAccessor", "Implem.DefinitionAccessor\Implem.DefinitionAccessor.csproj", "{C082A0D7-13C6-4D8A-9735-3C302E81B280}"
EndProject
Project("{FAE04EC0-301F-11D3-BF4B-00C04F79EFBC}") = "Implem.Pleasanter", "Implem.Pleasanter\Implem.Pleasanter.csproj", "{7FEFBEEF-C7F4-43A4-9A8F-894EB7E4FF3E}"
EndProject
Project("{FAE04EC0-301F-11D3-BF4B-00C04F79EFBC}") = "Implem.ParameterAccessor", "Implem.ParameterAccessor\Implem.ParameterAccessor.csproj", "{43CA1830-2E4D-4137-898E-9C3C1B104BAF}"
EndProject
Project("{FAE04EC0-301F-11D3-BF4B-00C04F79EFBC}") = "Implem.DisplayAccessor", "Implem.DisplayAccessor\Implem.DisplayAccessor.csproj", "{68A8C5C4-DB19-4EDD-B1C2-7722E19E5D7A}"
EndProject
Project("{2150E333-8FDC-42A3-9474-1A3956D46DE8}") = "Implem.SupportTools", "Implem.SupportTools", "{0EFF5C9E-6550-4F35-BEEA-54A68DE0E284}"
EndProject
Project("{FAE04EC0-301F-11D3-BF4B-00C04F79EFBC}") = "Implem.SupportTools.Common", "Implem.SupportTools\Common\Implem.SupportTools.Common.csproj", "{B1C1F0F2-4E12-49A8-88AC-CF54D00B12DC}"
EndProject
Project("{FAE04EC0-301F-11D3-BF4B-00C04F79EFBC}") = "Implem.SupportTools", "Implem.SupportTools\Launcher\Implem.SupportTools.csproj", "{613EC0B0-00CD-47E2-A796-B76A6A34DD7A}"
EndProject
Project("{FAE04EC0-301F-11D3-BF4B-00C04F79EFBC}") = "Implem.SupportTools.MailTester", "Implem.SupportTools\MailTester\Implem.SupportTools.MailTester.csproj", "{4396F5AF-7C31-4DB2-AE89-7F409D7A8515}"
EndProject
Project("{FAE04EC0-301F-11D3-BF4B-00C04F79EFBC}") = "Implem.SupportTools.SysLogViewer", "Implem.SupportTools\SysLogViewer\Implem.SupportTools.SysLogViewer.csproj", "{135C658B-BBBF-4BCE-9981-48BB4C7683D9}"
EndProject
Project("{FAE04EC0-301F-11D3-BF4B-00C04F79EFBC}") = "Implem.SupportTools.LdapSyncTester", "Implem.SupportTools\LdapSyncTester\Implem.SupportTools.LdapSyncTester.csproj", "{F7543D1C-61EF-4C68-94B3-AAD950CE2EC7}"
EndProject
Project("{2150E333-8FDC-42A3-9474-1A3956D46DE8}") = "Solution Items", "Solution Items", "{0F3C5C42-85A1-4DB4-BA9A-47A3EDC9ADC4}"
	ProjectSection(SolutionItems) = preProject
		.editorconfig = .editorconfig
	EndProjectSection
EndProject
Global
	GlobalSection(SolutionConfigurationPlatforms) = preSolution
		CD_ROM|Any CPU = CD_ROM|Any CPU
		Debug|Any CPU = Debug|Any CPU
		DVD-5|Any CPU = DVD-5|Any CPU
		Release|Any CPU = Release|Any CPU
		SingleImage|Any CPU = SingleImage|Any CPU
	EndGlobalSection
	GlobalSection(ProjectConfigurationPlatforms) = postSolution
		{CBE3EE93-92E6-4347-842F-DE597048DA29}.CD_ROM|Any CPU.ActiveCfg = Release|Any CPU
		{CBE3EE93-92E6-4347-842F-DE597048DA29}.CD_ROM|Any CPU.Build.0 = Release|Any CPU
		{CBE3EE93-92E6-4347-842F-DE597048DA29}.Debug|Any CPU.ActiveCfg = Debug|Any CPU
		{CBE3EE93-92E6-4347-842F-DE597048DA29}.Debug|Any CPU.Build.0 = Debug|Any CPU
		{CBE3EE93-92E6-4347-842F-DE597048DA29}.DVD-5|Any CPU.ActiveCfg = Debug|Any CPU
		{CBE3EE93-92E6-4347-842F-DE597048DA29}.DVD-5|Any CPU.Build.0 = Debug|Any CPU
		{CBE3EE93-92E6-4347-842F-DE597048DA29}.Release|Any CPU.ActiveCfg = Release|Any CPU
		{CBE3EE93-92E6-4347-842F-DE597048DA29}.Release|Any CPU.Build.0 = Release|Any CPU
		{CBE3EE93-92E6-4347-842F-DE597048DA29}.SingleImage|Any CPU.ActiveCfg = Release|Any CPU
		{CBE3EE93-92E6-4347-842F-DE597048DA29}.SingleImage|Any CPU.Build.0 = Release|Any CPU
		{247DB097-3184-41E0-9FAC-F3453A23BF97}.CD_ROM|Any CPU.ActiveCfg = Release|Any CPU
		{247DB097-3184-41E0-9FAC-F3453A23BF97}.CD_ROM|Any CPU.Build.0 = Release|Any CPU
		{247DB097-3184-41E0-9FAC-F3453A23BF97}.Debug|Any CPU.ActiveCfg = Debug|Any CPU
		{247DB097-3184-41E0-9FAC-F3453A23BF97}.Debug|Any CPU.Build.0 = Debug|Any CPU
		{247DB097-3184-41E0-9FAC-F3453A23BF97}.DVD-5|Any CPU.ActiveCfg = Debug|Any CPU
		{247DB097-3184-41E0-9FAC-F3453A23BF97}.DVD-5|Any CPU.Build.0 = Debug|Any CPU
		{247DB097-3184-41E0-9FAC-F3453A23BF97}.Release|Any CPU.ActiveCfg = Release|Any CPU
		{247DB097-3184-41E0-9FAC-F3453A23BF97}.Release|Any CPU.Build.0 = Release|Any CPU
		{247DB097-3184-41E0-9FAC-F3453A23BF97}.SingleImage|Any CPU.ActiveCfg = Release|Any CPU
		{247DB097-3184-41E0-9FAC-F3453A23BF97}.SingleImage|Any CPU.Build.0 = Release|Any CPU
		{C082A0D7-13C6-4D8A-9735-3C302E81B280}.CD_ROM|Any CPU.ActiveCfg = Release|Any CPU
		{C082A0D7-13C6-4D8A-9735-3C302E81B280}.CD_ROM|Any CPU.Build.0 = Release|Any CPU
		{C082A0D7-13C6-4D8A-9735-3C302E81B280}.Debug|Any CPU.ActiveCfg = Debug|Any CPU
		{C082A0D7-13C6-4D8A-9735-3C302E81B280}.Debug|Any CPU.Build.0 = Debug|Any CPU
		{C082A0D7-13C6-4D8A-9735-3C302E81B280}.DVD-5|Any CPU.ActiveCfg = Debug|Any CPU
		{C082A0D7-13C6-4D8A-9735-3C302E81B280}.DVD-5|Any CPU.Build.0 = Debug|Any CPU
		{C082A0D7-13C6-4D8A-9735-3C302E81B280}.Release|Any CPU.ActiveCfg = Release|Any CPU
		{C082A0D7-13C6-4D8A-9735-3C302E81B280}.Release|Any CPU.Build.0 = Release|Any CPU
		{C082A0D7-13C6-4D8A-9735-3C302E81B280}.SingleImage|Any CPU.ActiveCfg = Release|Any CPU
		{C082A0D7-13C6-4D8A-9735-3C302E81B280}.SingleImage|Any CPU.Build.0 = Release|Any CPU
		{7FEFBEEF-C7F4-43A4-9A8F-894EB7E4FF3E}.CD_ROM|Any CPU.ActiveCfg = Release|Any CPU
		{7FEFBEEF-C7F4-43A4-9A8F-894EB7E4FF3E}.CD_ROM|Any CPU.Build.0 = Release|Any CPU
		{7FEFBEEF-C7F4-43A4-9A8F-894EB7E4FF3E}.Debug|Any CPU.ActiveCfg = Debug|Any CPU
		{7FEFBEEF-C7F4-43A4-9A8F-894EB7E4FF3E}.Debug|Any CPU.Build.0 = Debug|Any CPU
		{7FEFBEEF-C7F4-43A4-9A8F-894EB7E4FF3E}.DVD-5|Any CPU.ActiveCfg = Debug|Any CPU
		{7FEFBEEF-C7F4-43A4-9A8F-894EB7E4FF3E}.DVD-5|Any CPU.Build.0 = Debug|Any CPU
		{7FEFBEEF-C7F4-43A4-9A8F-894EB7E4FF3E}.Release|Any CPU.ActiveCfg = Release|Any CPU
		{7FEFBEEF-C7F4-43A4-9A8F-894EB7E4FF3E}.Release|Any CPU.Build.0 = Release|Any CPU
		{7FEFBEEF-C7F4-43A4-9A8F-894EB7E4FF3E}.SingleImage|Any CPU.ActiveCfg = Release|Any CPU
		{7FEFBEEF-C7F4-43A4-9A8F-894EB7E4FF3E}.SingleImage|Any CPU.Build.0 = Release|Any CPU
		{43CA1830-2E4D-4137-898E-9C3C1B104BAF}.CD_ROM|Any CPU.ActiveCfg = Release|Any CPU
		{43CA1830-2E4D-4137-898E-9C3C1B104BAF}.CD_ROM|Any CPU.Build.0 = Release|Any CPU
		{43CA1830-2E4D-4137-898E-9C3C1B104BAF}.Debug|Any CPU.ActiveCfg = Debug|Any CPU
		{43CA1830-2E4D-4137-898E-9C3C1B104BAF}.Debug|Any CPU.Build.0 = Debug|Any CPU
		{43CA1830-2E4D-4137-898E-9C3C1B104BAF}.DVD-5|Any CPU.ActiveCfg = Debug|Any CPU
		{43CA1830-2E4D-4137-898E-9C3C1B104BAF}.DVD-5|Any CPU.Build.0 = Debug|Any CPU
		{43CA1830-2E4D-4137-898E-9C3C1B104BAF}.Release|Any CPU.ActiveCfg = Release|Any CPU
		{43CA1830-2E4D-4137-898E-9C3C1B104BAF}.Release|Any CPU.Build.0 = Release|Any CPU
		{43CA1830-2E4D-4137-898E-9C3C1B104BAF}.SingleImage|Any CPU.ActiveCfg = Release|Any CPU
		{43CA1830-2E4D-4137-898E-9C3C1B104BAF}.SingleImage|Any CPU.Build.0 = Release|Any CPU
		{68A8C5C4-DB19-4EDD-B1C2-7722E19E5D7A}.CD_ROM|Any CPU.ActiveCfg = Release|Any CPU
		{68A8C5C4-DB19-4EDD-B1C2-7722E19E5D7A}.CD_ROM|Any CPU.Build.0 = Release|Any CPU
		{68A8C5C4-DB19-4EDD-B1C2-7722E19E5D7A}.Debug|Any CPU.ActiveCfg = Debug|Any CPU
		{68A8C5C4-DB19-4EDD-B1C2-7722E19E5D7A}.Debug|Any CPU.Build.0 = Debug|Any CPU
		{68A8C5C4-DB19-4EDD-B1C2-7722E19E5D7A}.DVD-5|Any CPU.ActiveCfg = Debug|Any CPU
		{68A8C5C4-DB19-4EDD-B1C2-7722E19E5D7A}.DVD-5|Any CPU.Build.0 = Debug|Any CPU
		{68A8C5C4-DB19-4EDD-B1C2-7722E19E5D7A}.Release|Any CPU.ActiveCfg = Release|Any CPU
		{68A8C5C4-DB19-4EDD-B1C2-7722E19E5D7A}.Release|Any CPU.Build.0 = Release|Any CPU
		{68A8C5C4-DB19-4EDD-B1C2-7722E19E5D7A}.SingleImage|Any CPU.ActiveCfg = Release|Any CPU
		{68A8C5C4-DB19-4EDD-B1C2-7722E19E5D7A}.SingleImage|Any CPU.Build.0 = Release|Any CPU
		{B1C1F0F2-4E12-49A8-88AC-CF54D00B12DC}.CD_ROM|Any CPU.ActiveCfg = Release|Any CPU
		{B1C1F0F2-4E12-49A8-88AC-CF54D00B12DC}.CD_ROM|Any CPU.Build.0 = Release|Any CPU
		{B1C1F0F2-4E12-49A8-88AC-CF54D00B12DC}.Debug|Any CPU.ActiveCfg = Debug|Any CPU
		{B1C1F0F2-4E12-49A8-88AC-CF54D00B12DC}.Debug|Any CPU.Build.0 = Debug|Any CPU
		{B1C1F0F2-4E12-49A8-88AC-CF54D00B12DC}.DVD-5|Any CPU.ActiveCfg = Debug|Any CPU
		{B1C1F0F2-4E12-49A8-88AC-CF54D00B12DC}.DVD-5|Any CPU.Build.0 = Debug|Any CPU
		{B1C1F0F2-4E12-49A8-88AC-CF54D00B12DC}.Release|Any CPU.ActiveCfg = Release|Any CPU
		{B1C1F0F2-4E12-49A8-88AC-CF54D00B12DC}.Release|Any CPU.Build.0 = Release|Any CPU
		{B1C1F0F2-4E12-49A8-88AC-CF54D00B12DC}.SingleImage|Any CPU.ActiveCfg = Release|Any CPU
		{B1C1F0F2-4E12-49A8-88AC-CF54D00B12DC}.SingleImage|Any CPU.Build.0 = Release|Any CPU
		{613EC0B0-00CD-47E2-A796-B76A6A34DD7A}.CD_ROM|Any CPU.ActiveCfg = Release|Any CPU
		{613EC0B0-00CD-47E2-A796-B76A6A34DD7A}.CD_ROM|Any CPU.Build.0 = Release|Any CPU
		{613EC0B0-00CD-47E2-A796-B76A6A34DD7A}.Debug|Any CPU.ActiveCfg = Debug|Any CPU
		{613EC0B0-00CD-47E2-A796-B76A6A34DD7A}.Debug|Any CPU.Build.0 = Debug|Any CPU
		{613EC0B0-00CD-47E2-A796-B76A6A34DD7A}.DVD-5|Any CPU.ActiveCfg = Debug|Any CPU
		{613EC0B0-00CD-47E2-A796-B76A6A34DD7A}.DVD-5|Any CPU.Build.0 = Debug|Any CPU
		{613EC0B0-00CD-47E2-A796-B76A6A34DD7A}.Release|Any CPU.ActiveCfg = Release|Any CPU
		{613EC0B0-00CD-47E2-A796-B76A6A34DD7A}.Release|Any CPU.Build.0 = Release|Any CPU
		{613EC0B0-00CD-47E2-A796-B76A6A34DD7A}.SingleImage|Any CPU.ActiveCfg = Release|Any CPU
		{613EC0B0-00CD-47E2-A796-B76A6A34DD7A}.SingleImage|Any CPU.Build.0 = Release|Any CPU
		{4396F5AF-7C31-4DB2-AE89-7F409D7A8515}.CD_ROM|Any CPU.ActiveCfg = Release|Any CPU
		{4396F5AF-7C31-4DB2-AE89-7F409D7A8515}.CD_ROM|Any CPU.Build.0 = Release|Any CPU
		{4396F5AF-7C31-4DB2-AE89-7F409D7A8515}.Debug|Any CPU.ActiveCfg = Debug|Any CPU
		{4396F5AF-7C31-4DB2-AE89-7F409D7A8515}.Debug|Any CPU.Build.0 = Debug|Any CPU
		{4396F5AF-7C31-4DB2-AE89-7F409D7A8515}.DVD-5|Any CPU.ActiveCfg = Debug|Any CPU
		{4396F5AF-7C31-4DB2-AE89-7F409D7A8515}.DVD-5|Any CPU.Build.0 = Debug|Any CPU
		{4396F5AF-7C31-4DB2-AE89-7F409D7A8515}.Release|Any CPU.ActiveCfg = Release|Any CPU
		{4396F5AF-7C31-4DB2-AE89-7F409D7A8515}.Release|Any CPU.Build.0 = Release|Any CPU
		{4396F5AF-7C31-4DB2-AE89-7F409D7A8515}.SingleImage|Any CPU.ActiveCfg = Release|Any CPU
		{4396F5AF-7C31-4DB2-AE89-7F409D7A8515}.SingleImage|Any CPU.Build.0 = Release|Any CPU
		{135C658B-BBBF-4BCE-9981-48BB4C7683D9}.CD_ROM|Any CPU.ActiveCfg = Release|Any CPU
		{135C658B-BBBF-4BCE-9981-48BB4C7683D9}.CD_ROM|Any CPU.Build.0 = Release|Any CPU
		{135C658B-BBBF-4BCE-9981-48BB4C7683D9}.Debug|Any CPU.ActiveCfg = Debug|Any CPU
		{135C658B-BBBF-4BCE-9981-48BB4C7683D9}.Debug|Any CPU.Build.0 = Debug|Any CPU
		{135C658B-BBBF-4BCE-9981-48BB4C7683D9}.DVD-5|Any CPU.ActiveCfg = Debug|Any CPU
		{135C658B-BBBF-4BCE-9981-48BB4C7683D9}.DVD-5|Any CPU.Build.0 = Debug|Any CPU
		{135C658B-BBBF-4BCE-9981-48BB4C7683D9}.Release|Any CPU.ActiveCfg = Release|Any CPU
		{135C658B-BBBF-4BCE-9981-48BB4C7683D9}.Release|Any CPU.Build.0 = Release|Any CPU
		{135C658B-BBBF-4BCE-9981-48BB4C7683D9}.SingleImage|Any CPU.ActiveCfg = Release|Any CPU
		{135C658B-BBBF-4BCE-9981-48BB4C7683D9}.SingleImage|Any CPU.Build.0 = Release|Any CPU
		{F7543D1C-61EF-4C68-94B3-AAD950CE2EC7}.CD_ROM|Any CPU.ActiveCfg = Release|Any CPU
		{F7543D1C-61EF-4C68-94B3-AAD950CE2EC7}.CD_ROM|Any CPU.Build.0 = Release|Any CPU
		{F7543D1C-61EF-4C68-94B3-AAD950CE2EC7}.Debug|Any CPU.ActiveCfg = Debug|Any CPU
		{F7543D1C-61EF-4C68-94B3-AAD950CE2EC7}.Debug|Any CPU.Build.0 = Debug|Any CPU
		{F7543D1C-61EF-4C68-94B3-AAD950CE2EC7}.DVD-5|Any CPU.ActiveCfg = Debug|Any CPU
		{F7543D1C-61EF-4C68-94B3-AAD950CE2EC7}.DVD-5|Any CPU.Build.0 = Debug|Any CPU
		{F7543D1C-61EF-4C68-94B3-AAD950CE2EC7}.Release|Any CPU.ActiveCfg = Release|Any CPU
		{F7543D1C-61EF-4C68-94B3-AAD950CE2EC7}.Release|Any CPU.Build.0 = Release|Any CPU
		{F7543D1C-61EF-4C68-94B3-AAD950CE2EC7}.SingleImage|Any CPU.ActiveCfg = Release|Any CPU
		{F7543D1C-61EF-4C68-94B3-AAD950CE2EC7}.SingleImage|Any CPU.Build.0 = Release|Any CPU
	EndGlobalSection
	GlobalSection(SolutionProperties) = preSolution
		HideSolutionNode = FALSE
	EndGlobalSection
	GlobalSection(NestedProjects) = preSolution
		{B1C1F0F2-4E12-49A8-88AC-CF54D00B12DC} = {0EFF5C9E-6550-4F35-BEEA-54A68DE0E284}
		{613EC0B0-00CD-47E2-A796-B76A6A34DD7A} = {0EFF5C9E-6550-4F35-BEEA-54A68DE0E284}
		{4396F5AF-7C31-4DB2-AE89-7F409D7A8515} = {0EFF5C9E-6550-4F35-BEEA-54A68DE0E284}
		{135C658B-BBBF-4BCE-9981-48BB4C7683D9} = {0EFF5C9E-6550-4F35-BEEA-54A68DE0E284}
		{F7543D1C-61EF-4C68-94B3-AAD950CE2EC7} = {0EFF5C9E-6550-4F35-BEEA-54A68DE0E284}
	EndGlobalSection
	GlobalSection(ExtensibilityGlobals) = postSolution
		SolutionGuid = {6E97E664-D49F-4BFC-930F-F941C4996E2C}
	EndGlobalSection
EndGlobal
